<?xml version="1.0" encoding="utf-8"?>
<Project ToolsVersion="4.0" xmlns="http://schemas.microsoft.com/developer/msbuild/2003">
  <ItemGroup>
    <Filter Include="Source Files">
      <UniqueIdentifier>{4FC737F1-C7A5-4376-A066-2A32D752A2FF}</UniqueIdentifier>
      <Extensions>cpp;c;cc;cxx;def;odl;idl;hpj;bat;asm;asmx</Extensions>
    </Filter>
    <Filter Include="Header Files">
      <UniqueIdentifier>{93995380-89BD-4b04-88EB-625FBE52EBFB}</UniqueIdentifier>
      <Extensions>h;hh;hpp;hxx;hm;inl;inc;xsd</Extensions>
    </Filter>
    <Filter Include="Resource Files">
      <UniqueIdentifier>{67DA6AB6-F800-4c08-8B7A-83BB121AAD01}</UniqueIdentifier>
      <Extensions>rc;ico;cur;bmp;dlg;rc2;rct;bin;rgs;gif;jpg;jpeg;jpe;resx;tiff;tif;png;wav;mfcribbon-ms</Extensions>
    </Filter>
    <Filter Include="Source Files\client">
      <UniqueIdentifier>{cdce05fd-ff9e-4ef3-9f67-dbb24a583950}</UniqueIdentifier>
    </Filter>
    <Filter Include="Source Files\server">
      <UniqueIdentifier>{a0a181c2-deae-4c1f-99f7-272d87470055}</UniqueIdentifier>
    </Filter>
    <Filter Include="Header Files\client">
      <UniqueIdentifier>{1e79d81d-8e86-45c6-ac8d-fb38593453e1}</UniqueIdentifier>
    </Filter>
    <Filter Include="Header Files\server">
      <UniqueIdentifier>{d184badb-25a8-4034-bab8-f8c8da692d1e}</UniqueIdentifier>
    </Filter>
  </ItemGroup>
  <ItemGroup>
    <ClInclude Include="packet.h">
      <Filter>Header Files</Filter>
    </ClInclude>
    <ClInclude Include="stdafx.h">
      <Filter>Header Files</Filter>
    </ClInclude>
    <ClInclude Include="common.h">
      <Filter>Header Files</Filter>
    </ClInclude>
    <ClInclude Include="client.h">
      <Filter>Header Files\client</Filter>
    </ClInclude>
    <ClInclude Include="client_dialog.h">
      <Filter>Header Files\client</Filter>
    </ClInclude>
    <ClInclude Include="id_variable.h">
      <Filter>Header Files\client</Filter>
    </ClInclude>
    <ClInclude Include="input_plugin.h">
      <Filter>Header Files\client</Filter>
    </ClInclude>
    <ClInclude Include="plugin_dialog.h">
      <Filter>Header Files\client</Filter>
    </ClInclude>
    <ClInclude Include="resource.h">
      <Filter>Header Files\client</Filter>
    </ClInclude>
    <ClInclude Include="room.h">
      <Filter>Header Files\server</Filter>
    </ClInclude>
    <ClInclude Include="server.h">
      <Filter>Header Files\server</Filter>
    </ClInclude>
    <ClInclude Include="settings.h">
      <Filter>Header Files\client</Filter>
    </ClInclude>
    <ClInclude Include="uri.h">
      <Filter>Header Files\client</Filter>
    </ClInclude>
    <ClInclude Include="user.h">
      <Filter>Header Files\server</Filter>
    </ClInclude>
    <ClInclude Include="util.h">
      <Filter>Header Files\client</Filter>
    </ClInclude>
    <ClInclude Include="connection.h">
      <Filter>Header Files</Filter>
    </ClInclude>
    <ClInclude Include="Controller 1.1.h">
      <Filter>Header Files\client</Filter>
    </ClInclude>
  </ItemGroup>
  <ItemGroup>
    <ClCompile Include="stdafx.cpp">
      <Filter>Source Files</Filter>
    </ClCompile>
    <ClCompile Include="common.cpp">
      <Filter>Source Files</Filter>
    </ClCompile>
    <ClCompile Include="client.cpp">
      <Filter>Source Files\client</Filter>
    </ClCompile>
    <ClCompile Include="client_dialog.cpp">
      <Filter>Source Files\client</Filter>
    </ClCompile>
    <ClCompile Include="input_plugin.cpp">
      <Filter>Source Files\client</Filter>
    </ClCompile>
    <ClCompile Include="netplay_input_plugin.cpp">
      <Filter>Source Files\client</Filter>
    </ClCompile>
    <ClCompile Include="plugin_dialog.cpp">
      <Filter>Source Files\client</Filter>
    </ClCompile>
    <ClCompile Include="room.cpp">
      <Filter>Source Files\server</Filter>
    </ClCompile>
    <ClCompile Include="server.cpp">
      <Filter>Source Files\server</Filter>
    </ClCompile>
    <ClCompile Include="settings.cpp">
      <Filter>Source Files\client</Filter>
    </ClCompile>
    <ClCompile Include="user.cpp">
      <Filter>Source Files\server</Filter>
    </ClCompile>
    <ClCompile Include="util.cpp">
      <Filter>Source Files\client</Filter>
    </ClCompile>
    <ClCompile Include="connection.cpp">
      <Filter>Source Files</Filter>
    </ClCompile>
  </ItemGroup>
  <ItemGroup>
    <ResourceCompile Include="resource.rc">
      <Filter>Resource Files</Filter>
    </ResourceCompile>
  </ItemGroup>
  <ItemGroup>
    <Xml Include="manifest.xml">
      <Filter>Resource Files</Filter>
    </Xml>
  </ItemGroup>
</Project>